
Microsoft Visual Studio Solution File, Format Version 12.00
# Visual Studio 15
VisualStudioVersion = 15.0.27428.2043
MinimumVisualStudioVersion = 10.0.40219.1
Project("{FAE04EC0-301F-11D3-BF4B-00C04F79EFBC}") = "GPABuddy", "GPABuddy\GPABuddy.csproj", "{20CCA4BA-9FF7-437A-AC9C-98FA99D9166D}"
EndProject
Project("{FAE04EC0-301F-11D3-BF4B-00C04F79EFBC}") = "GPABuddyUpdater", "GPABuddyUpdater\GPABuddyUpdater.csproj", "{7F9537E7-D0DA-4A95-8872-0C05B2F0890D}"
EndProject
Global
	GlobalSection(SolutionConfigurationPlatforms) = preSolution
		Debug|Any CPU = Debug|Any CPU
		Release|Any CPU = Release|Any CPU
	EndGlobalSection
	GlobalSection(ProjectConfigurationPlatforms) = postSolution
		{20CCA4BA-9FF7-437A-AC9C-98FA99D9166D}.Debug|Any CPU.ActiveCfg = Debug|Any CPU
		{20CCA4BA-9FF7-437A-AC9C-98FA99D9166D}.Debug|Any CPU.Build.0 = Debug|Any CPU
		{20CCA4BA-9FF7-437A-AC9C-98FA99D9166D}.Release|Any CPU.ActiveCfg = Release|Any CPU
		{20CCA4BA-9FF7-437A-AC9C-98FA99D9166D}.Release|Any CPU.Build.0 = Release|Any CPU
		{7F9537E7-D0DA-4A95-8872-0C05B2F0890D}.Debug|Any CPU.ActiveCfg = Debug|Any CPU
		{7F9537E7-D0DA-4A95-8872-0C05B2F0890D}.Debug|Any CPU.Build.0 = Debug|Any CPU
		{7F9537E7-D0DA-4A95-8872-0C05B2F0890D}.Release|Any CPU.ActiveCfg = Release|Any CPU
		{7F9537E7-D0DA-4A95-8872-0C05B2F0890D}.Release|Any CPU.Build.0 = Release|Any CPU
	EndGlobalSection
	GlobalSection(SolutionProperties) = preSolution
		HideSolutionNode = FALSE
	EndGlobalSection
	GlobalSection(ExtensibilityGlobals) = postSolution
		SolutionGuid = {126FFDFE-4708-4BC1-B0A5-3F3957DAE443}
	EndGlobalSection
EndGlobal
